// !$*UTF8*$!
{
	archiveVersion = 1;
	classes = {
	};
	objectVersion = 50;
	objects = {

/* Begin PBXBuildFile section */
		D01235F623DEBDF500BB467A /* scrntime.cc in Sources */ = {isa = PBXBuildFile; fileRef = D01235F423DEBDF500BB467A /* scrntime.cc */; };
		D01235F723DEBDF500BB467A /* scrntime.h in Headers */ = {isa = PBXBuildFile; fileRef = D01235F523DEBDF500BB467A /* scrntime.h */; };
		D09F081B23D8AA80003D0D46 /* ScreenSaver.framework in Frameworks */ = {isa = PBXBuildFile; fileRef = D09F081A23D8AA80003D0D46 /* ScreenSaver.framework */; };
		D09F081D23D8AA91003D0D46 /* Cocoa.framework in Frameworks */ = {isa = PBXBuildFile; fileRef = D09F081C23D8AA91003D0D46 /* Cocoa.framework */; };
		D0FC9EBF23DEBB3F00D189C2 /* uClockView.mm in Sources */ = {isa = PBXBuildFile; fileRef = D0FC9EBB23DEBB3E00D189C2 /* uClockView.mm */; };
		D0FC9EC023DEBB3F00D189C2 /* uClockView.h in Headers */ = {isa = PBXBuildFile; fileRef = D0FC9EBC23DEBB3E00D189C2 /* uClockView.h */; };
/* End PBXBuildFile section */

/* Begin PBXFileReference section */
		D01235F423DEBDF500BB467A /* scrntime.cc */ = {isa = PBXFileReference; fileEncoding = 4; lastKnownFileType = sourcecode.cpp.cpp; name = scrntime.cc; path = ../comm/scrntime.cc; sourceTree = "<group>"; };
		D01235F523DEBDF500BB467A /* scrntime.h */ = {isa = PBXFileReference; fileEncoding = 4; lastKnownFileType = sourcecode.c.h; name = scrntime.h; path = ../comm/scrntime.h; sourceTree = "<group>"; };
		D09F080623D8A434003D0D46 /* uClock.saver */ = {isa = PBXFileReference; explicitFileType = wrapper.cfbundle; includeInIndex = 0; path = uClock.saver; sourceTree = BUILT_PRODUCTS_DIR; };
		D09F081A23D8AA80003D0D46 /* ScreenSaver.framework */ = {isa = PBXFileReference; lastKnownFileType = wrapper.framework; name = ScreenSaver.framework; path = System/Library/Frameworks/ScreenSaver.framework; sourceTree = SDKROOT; };
		D09F081C23D8AA91003D0D46 /* Cocoa.framework */ = {isa = PBXFileReference; lastKnownFileType = wrapper.framework; name = Cocoa.framework; path = System/Library/Frameworks/Cocoa.framework; sourceTree = SDKROOT; };
		D0FC9EBB23DEBB3E00D189C2 /* uClockView.mm */ = {isa = PBXFileReference; fileEncoding = 4; lastKnownFileType = sourcecode.cpp.objcpp; path = uClockView.mm; sourceTree = "<group>"; };
		D0FC9EBC23DEBB3E00D189C2 /* uClockView.h */ = {isa = PBXFileReference; fileEncoding = 4; lastKnownFileType = sourcecode.c.h; path = uClockView.h; sourceTree = "<group>"; };
		D0FC9EBD23DEBB3E00D189C2 /* Info.plist */ = {isa = PBXFileReference; fileEncoding = 4; lastKnownFileType = text.plist.xml; path = Info.plist; sourceTree = "<group>"; };
/* End PBXFileReference section */

/* Begin PBXFrameworksBuildPhase section */
		D09F080323D8A434003D0D46 /* Frameworks */ = {
			isa = PBXFrameworksBuildPhase;
			buildActionMask = 2147483647;
			files = (
				D09F081D23D8AA91003D0D46 /* Cocoa.framework in Frameworks */,
				D09F081B23D8AA80003D0D46 /* ScreenSaver.framework in Frameworks */,
			);
			runOnlyForDeploymentPostprocessing = 0;
		};
/* End PBXFrameworksBuildPhase section */

/* Begin PBXGroup section */
		D09F07FC23D8A434003D0D46 = {
			isa = PBXGroup;
			children = (
				D01235F423DEBDF500BB467A /* scrntime.cc */,
				D01235F523DEBDF500BB467A /* scrntime.h */,
				D0FC9EBD23DEBB3E00D189C2 /* Info.plist */,
				D0FC9EBC23DEBB3E00D189C2 /* uClockView.h */,
				D0FC9EBB23DEBB3E00D189C2 /* uClockView.mm */,
				D09F080723D8A434003D0D46 /* Products */,
				D09F081923D8AA80003D0D46 /* Frameworks */,
			);
			sourceTree = "<group>";
		};
		D09F080723D8A434003D0D46 /* Products */ = {
			isa = PBXGroup;
			children = (
				D09F080623D8A434003D0D46 /* uClock.saver */,
			);
			name = Products;
			sourceTree = "<group>";
		};
		D09F081923D8AA80003D0D46 /* Frameworks */ = {
			isa = PBXGroup;
			children = (
				D09F081C23D8AA91003D0D46 /* Cocoa.framework */,
				D09F081A23D8AA80003D0D46 /* ScreenSaver.framework */,
			);
			name = Frameworks;
			sourceTree = "<group>";
		};
/* End PBXGroup section */

/* Begin PBXHeadersBuildPhase section */
		D09F080123D8A434003D0D46 /* Headers */ = {
			isa = PBXHeadersBuildPhase;
			buildActionMask = 2147483647;
			files = (
				D0FC9EC023DEBB3F00D189C2 /* uClockView.h in Headers */,
				D01235F723DEBDF500BB467A /* scrntime.h in Headers */,
			);
			runOnlyForDeploymentPostprocessing = 0;
		};
/* End PBXHeadersBuildPhase section */

/* Begin PBXNativeTarget section */
		D09F080523D8A434003D0D46 /* uClock */ = {
			isa = PBXNativeTarget;
			buildConfigurationList = D09F081023D8A434003D0D46 /* Build configuration list for PBXNativeTarget "uClock" */;
			buildPhases = (
				D09F080123D8A434003D0D46 /* Headers */,
				D09F080223D8A434003D0D46 /* Sources */,
				D09F080323D8A434003D0D46 /* Frameworks */,
				D09F080423D8A434003D0D46 /* Resources */,
			);
			buildRules = (
			);
			dependencies = (
			);
			name = uClock;
			productName = uClock;
			productReference = D09F080623D8A434003D0D46 /* uClock.saver */;
			productType = "com.apple.product-type.bundle";
		};
/* End PBXNativeTarget section */

/* Begin PBXProject section */
		D09F07FD23D8A434003D0D46 /* Project object */ = {
			isa = PBXProject;
			attributes = {
				LastUpgradeCheck = 1130;
				ORGANIZATIONNAME = uRyn;
				TargetAttributes = {
					D09F080523D8A434003D0D46 = {
						CreatedOnToolsVersion = 11.3.1;
					};
				};
			};
			buildConfigurationList = D09F080023D8A434003D0D46 /* Build configuration list for PBXProject "uClock" */;
			compatibilityVersion = "Xcode 9.3";
			developmentRegion = en;
			hasScannedForEncodings = 0;
			knownRegions = (
				en,
				Base,
			);
			mainGroup = D09F07FC23D8A434003D0D46;
			productRefGroup = D09F080723D8A434003D0D46 /* Products */;
			projectDirPath = "";
			projectRoot = "";
			targets = (
				D09F080523D8A434003D0D46 /* uClock */,
			);
		};
/* End PBXProject section */

/* Begin PBXResourcesBuildPhase section */
		D09F080423D8A434003D0D46 /* Resources */ = {
			isa = PBXResourcesBuildPhase;
			buildActionMask = 2147483647;
			files = (
			);
			runOnlyForDeploymentPostprocessing = 0;
		};
/* End PBXResourcesBuildPhase section */

/* Begin PBXSourcesBuildPhase section */
		D09F080223D8A434003D0D46 /* Sources */ = {
			isa = PBXSourcesBuildPhase;
			buildActionMask = 2147483647;
			files = (
				D01235F623DEBDF500BB467A /* scrntime.cc in Sources */,
				D0FC9EBF23DEBB3F00D189C2 /* uClockView.mm in Sources */,
			);
			runOnlyForDeploymentPostprocessing = 0;
		};
/* End PBXSourcesBuildPhase section */

/* Begin XCBuildConfiguration section */
		D09F080E23D8A434003D0D46 /* Debug */ = {
			isa = XCBuildConfiguration;
			buildSettings = {
				ALWAYS_SEARCH_USER_PATHS = NO;
				CLANG_ANALYZER_NONNULL = YES;
				CLANG_ANALYZER_NUMBER_OBJECT_CONVERSION = YES_AGGRESSIVE;
				CLANG_CXX_LANGUAGE_STANDARD = "gnu++14";
				CLANG_CXX_LIBRARY = "libc++";
				CLANG_ENABLE_MODULES = YES;
				CLANG_ENABLE_OBJC_ARC = YES;
				CLANG_ENABLE_OBJC_WEAK = YES;
				CLANG_WARN_BLOCK_CAPTURE_AUTORELEASING = YES;
				CLANG_WARN_BOOL_CONVERSION = YES;
				CLANG_WARN_COMMA = YES;
				CLANG_WARN_CONSTANT_CONVERSION = YES;
				CLANG_WARN_DEPRECATED_OBJC_IMPLEMENTATIONS = YES;
				CLANG_WARN_DIRECT_OBJC_ISA_USAGE = YES_ERROR;
				CLANG_WARN_DOCUMENTATION_COMMENTS = YES;
				CLANG_WARN_EMPTY_BODY = YES;
				CLANG_WARN_ENUM_CONVERSION = YES;
				CLANG_WARN_INFINITE_RECURSION = YES;
				CLANG_WARN_INT_CONVERSION = YES;
				CLANG_WARN_NON_LITERAL_NULL_CONVERSION = YES;
				CLANG_WARN_OBJC_IMPLICIT_RETAIN_SELF = YES;
				CLANG_WARN_OBJC_LITERAL_CONVERSION = YES;
				CLANG_WARN_OBJC_ROOT_CLASS = YES_ERROR;
				CLANG_WARN_RANGE_LOOP_ANALYSIS = YES;
				CLANG_WARN_STRICT_PROTOTYPES = YES;
				CLANG_WARN_SUSPICIOUS_MOVE = YES;
				CLANG_WARN_UNGUARDED_AVAILABILITY = YES_AGGRESSIVE;
				CLANG_WARN_UNREACHABLE_CODE = YES;
				CLANG_WARN__DUPLICATE_METHOD_MATCH = YES;
				COPY_PHASE_STRIP = NO;
				DEBUG_INFORMATION_FORMAT = dwarf;
				ENABLE_STRICT_OBJC_MSGSEND = YES;
				ENABLE_TESTABILITY = YES;
				GCC_C_LANGUAGE_STANDARD = gnu11;
				GCC_DYNAMIC_NO_PIC = NO;
				GCC_NO_COMMON_BLOCKS = YES;
				GCC_OPTIMIZATION_LEVEL = 0;
				GCC_PREPROCESSOR_DEFINITIONS = (
					"DEBUG=1",
					"$(inherited)",
				);
				GCC_WARN_64_TO_32_BIT_CONVERSION = YES;
				GCC_WARN_ABOUT_RETURN_TYPE = YES_ERROR;
				GCC_WARN_UNDECLARED_SELECTOR = YES;
				GCC_WARN_UNINITIALIZED_AUTOS = YES_AGGRESSIVE;
				GCC_WARN_UNUSED_FUNCTION = YES;
				GCC_WARN_UNUSED_VARIABLE = YES;
				MACOSX_DEPLOYMENT_TARGET = 10.7;
				MTL_ENABLE_DEBUG_INFO = INCLUDE_SOURCE;
				MTL_FAST_MATH = YES;
				ONLY_ACTIVE_ARCH = YES;
				SDKROOT = macosx;
			};
			name = Debug;
		};
		D09F080F23D8A434003D0D46 /* Release */ = {
			isa = XCBuildConfiguration;
			buildSettings = {
				ALWAYS_SEARCH_USER_PATHS = NO;
				CLANG_ANALYZER_NONNULL = YES;
				CLANG_ANALYZER_NUMBER_OBJECT_CONVERSION = YES_AGGRESSIVE;
				CLANG_CXX_LANGUAGE_STANDARD = "gnu++14";
				CLANG_CXX_LIBRARY = "libc++";
				CLANG_ENABLE_MODULES = YES;
				CLANG_ENABLE_OBJC_ARC = YES;
				CLANG_ENABLE_OBJC_WEAK = YES;
				CLANG_WARN_BLOCK_CAPTURE_AUTORELEASING = YES;
				CLANG_WARN_BOOL_CONVERSION = YES;
				CLANG_WARN_COMMA = YES;
				CLANG_WARN_CONSTANT_CONVERSION = YES;
				CLANG_WARN_DEPRECATED_OBJC_IMPLEMENTATIONS = YES;
				CLANG_WARN_DIRECT_OBJC_ISA_USAGE = YES_ERROR;
				CLANG_WARN_DOCUMENTATION_COMMENTS = YES;
				CLANG_WARN_EMPTY_BODY = YES;
				CLANG_WARN_ENUM_CONVERSION = YES;
				CLANG_WARN_INFINITE_RECURSION = YES;
				CLANG_WARN_INT_CONVERSION = YES;
				CLANG_WARN_NON_LITERAL_NULL_CONVERSION = YES;
				CLANG_WARN_OBJC_IMPLICIT_RETAIN_SELF = YES;
				CLANG_WARN_OBJC_LITERAL_CONVERSION = YES;
				CLANG_WARN_OBJC_ROOT_CLASS = YES_ERROR;
				CLANG_WARN_RANGE_LOOP_ANALYSIS = YES;
				CLANG_WARN_STRICT_PROTOTYPES = YES;
				CLANG_WARN_SUSPICIOUS_MOVE = YES;
				CLANG_WARN_UNGUARDED_AVAILABILITY = YES_AGGRESSIVE;
				CLANG_WARN_UNREACHABLE_CODE = YES;
				CLANG_WARN__DUPLICATE_METHOD_MATCH = YES;
				COPY_PHASE_STRIP = NO;
				DEBUG_INFORMATION_FORMAT = "dwarf-with-dsym";
				ENABLE_NS_ASSERTIONS = NO;
				ENABLE_STRICT_OBJC_MSGSEND = YES;
				GCC_C_LANGUAGE_STANDARD = gnu11;
				GCC_NO_COMMON_BLOCKS = YES;
				GCC_WARN_64_TO_32_BIT_CONVERSION = YES;
				GCC_WARN_ABOUT_RETURN_TYPE = YES_ERROR;
				GCC_WARN_UNDECLARED_SELECTOR = YES;
				GCC_WARN_UNINITIALIZED_AUTOS = YES_AGGRESSIVE;
				GCC_WARN_UNUSED_FUNCTION = YES;
				GCC_WARN_UNUSED_VARIABLE = YES;
				MACOSX_DEPLOYMENT_TARGET = 10.7;
				MTL_ENABLE_DEBUG_INFO = NO;
				MTL_FAST_MATH = YES;
				SDKROOT = macosx;
			};
			name = Release;
		};
		D09F081123D8A434003D0D46 /* Debug */ = {
			isa = XCBuildConfiguration;
			buildSettings = {
				CODE_SIGN_STYLE = Automatic;
				COMBINE_HIDPI_IMAGES = YES;
				INFOPLIST_FILE = Info.plist;
				INSTALL_PATH = "$(HOME)/Library/Screen Savers";
				PRODUCT_BUNDLE_IDENTIFIER = com.uRyn.uClock;
				PRODUCT_NAME = "$(TARGET_NAME)";
				WRAPPER_EXTENSION = saver;
			};
			name = Debug;
		};
		D09F081223D8A434003D0D46 /* Release */ = {
			isa = XCBuildConfiguration;
			buildSettings = {
				CODE_SIGN_STYLE = Automatic;
				COMBINE_HIDPI_IMAGES = YES;
				INFOPLIST_FILE = Info.plist;
				INSTALL_PATH = "$(HOME)/Library/Screen Savers";
				PRODUCT_BUNDLE_IDENTIFIER = com.uRyn.uClock;
				PRODUCT_NAME = "$(TARGET_NAME)";
				WRAPPER_EXTENSION = saver;
			};
			name = Release;
		};
/* End XCBuildConfiguration section */

/* Begin XCConfigurationList section */
		D09F080023D8A434003D0D46 /* Build configuration list for PBXProject "uClock" */ = {
			isa = XCConfigurationList;
			buildConfigurations = (
				D09F080E23D8A434003D0D46 /* Debug */,
				D09F080F23D8A434003D0D46 /* Release */,
			);
			defaultConfigurationIsVisible = 0;
			defaultConfigurationName = Release;
		};
		D09F081023D8A434003D0D46 /* Build configuration list for PBXNativeTarget "uClock" */ = {
			isa = XCConfigurationList;
			buildConfigurations = (
				D09F081123D8A434003D0D46 /* Debug */,
				D09F081223D8A434003D0D46 /* Release */,
			);
			defaultConfigurationIsVisible = 0;
			defaultConfigurationName = Release;
		};
/* End XCConfigurationList section */
	};
	rootObject = D09F07FD23D8A434003D0D46 /* Project object */;
}
